
Microsoft Visual Studio Solution File, Format Version 12.00
# Visual Studio Version 17
VisualStudioVersion = 17.5.002.0
MinimumVisualStudioVersion = 10.0.40219.1
Project("{9A19103F-16F7-4668-BE54-9A1E7A4F7556}") = "LinqTraining", "LinqTraining.csproj", "{FC9E6CEF-8E78-4B42-8A06-40D2863E09EF}"
EndProject
Global
	GlobalSection(SolutionConfigurationPlatforms) = preSolution
		Debug|Any CPU = Debug|Any CPU
		Release|Any CPU = Release|Any CPU
	EndGlobalSection
	GlobalSection(ProjectConfigurationPlatforms) = postSolution
		{FC9E6CEF-8E78-4B42-8A06-40D2863E09EF}.Debug|Any CPU.ActiveCfg = Debug|Any CPU
		{FC9E6CEF-8E78-4B42-8A06-40D2863E09EF}.Debug|Any CPU.Build.0 = Debug|Any CPU
		{FC9E6CEF-8E78-4B42-8A06-40D2863E09EF}.Release|Any CPU.ActiveCfg = Release|Any CPU
		{FC9E6CEF-8E78-4B42-8A06-40D2863E09EF}.Release|Any CPU.Build.0 = Release|Any CPU
	EndGlobalSection
	GlobalSection(SolutionProperties) = preSolution
		HideSolutionNode = FALSE
	EndGlobalSection
	GlobalSection(ExtensibilityGlobals) = postSolution
		SolutionGuid = {FD6C2D00-7C47-483C-B7B5-4D8D4B32E8E9}
	EndGlobalSection
EndGlobal
